
Microsoft Visual Studio Solution File, Format Version 12.00
# Visual Studio Version 16
VisualStudioVersion = 16.0.30413.136
MinimumVisualStudioVersion = 10.0.40219.1
Project("{FAE04EC0-301F-11D3-BF4B-00C04F79EFBC}") = "AreEquallyStrong", "AreEquallyStrong\AreEquallyStrong.csproj", "{13136F85-45AE-4359-ABFD-BFC12CE53D24}"
EndProject
Global
	GlobalSection(SolutionConfigurationPlatforms) = preSolution
		Debug|Any CPU = Debug|Any CPU
		Release|Any CPU = Release|Any CPU
	EndGlobalSection
	GlobalSection(ProjectConfigurationPlatforms) = postSolution
		{13136F85-45AE-4359-ABFD-BFC12CE53D24}.Debug|Any CPU.ActiveCfg = Debug|Any CPU
		{13136F85-45AE-4359-ABFD-BFC12CE53D24}.Debug|Any CPU.Build.0 = Debug|Any CPU
		{13136F85-45AE-4359-ABFD-BFC12CE53D24}.Release|Any CPU.ActiveCfg = Release|Any CPU
		{13136F85-45AE-4359-ABFD-BFC12CE53D24}.Release|Any CPU.Build.0 = Release|Any CPU
	EndGlobalSection
	GlobalSection(SolutionProperties) = preSolution
		HideSolutionNode = FALSE
	EndGlobalSection
	GlobalSection(ExtensibilityGlobals) = postSolution
		SolutionGuid = {56EEA209-6244-48BD-8603-97CC3D7BFDD6}
	EndGlobalSection
EndGlobal
